github.com/lucientong/waggle v0.3.1 h1:ytXvEW1KAtZa/vxQa0hJvLw49rczOVhU7SkuNAHUojY=
github.com/lucientong/waggle v0.3.1/go.mod h1:dYuPPfl+5I5lhrIPuvsF93JnEw7R2H5dcofM7BA7O58=
github.com/lucientong/waggle v0.4.0 h1:BJamImMw7E4cGZedY9SdQeBBQM1HVXCJIOl+D9izrLc=
github.com/lucientong/waggle v0.4.0/go.mod h1:dYuPPfl+5I5lhrIPuvsF93JnEw7R2H5dcofM7BA7O58=
gopkg.in/check.v1 v0.0.0-20161208181325-20d25e280405 h1:yhCVgyC4o1eVCa2tZl7eS0r+SDo693bJlVdllGtEeKM=
gopkg.in/check.v1 v0.0.0-20161208181325-20d25e280405/go.mod h1:Co6ibVJAznAaIkqp8huTwlJQCZ016jof/cbN4VW5Yz0=
gopkg.in/yaml.v3 v3.0.1 h1:fxVm/GzAzEWqLHuvctI91KS9hhNmmWOoWu0XTYJS7CA=
gopkg.in/yaml.v3 v3.0.1/go.mod h1:K4uyk7z7BCEPqu6E+C64Yfv1cQ7kz7rIZviUmN+EgEM=
